// !$*UTF8*$!
{
	archiveVersion = 1;
	classes = {
	};
	objectVersion = 56;
	objects = {

/* Begin PBXBuildFile section */
		52D14F122A0A44C300C86569 /* CommandTool.swift in Sources */ = {isa = PBXBuildFile; fileRef = 52D14F112A0A44C300C86569 /* CommandTool.swift */; };
		52E61E3B2A08E07B0009738C /* PowerScheduleApp.swift in Sources */ = {isa = PBXBuildFile; fileRef = 52E61E3A2A08E07B0009738C /* PowerScheduleApp.swift */; };
		52E61E3D2A08E07B0009738C /* ContentView.swift in Sources */ = {isa = PBXBuildFile; fileRef = 52E61E3C2A08E07B0009738C /* ContentView.swift */; };
		52E61E3F2A08E07C0009738C /* Assets.xcassets in Resources */ = {isa = PBXBuildFile; fileRef = 52E61E3E2A08E07C0009738C /* Assets.xcassets */; };
		52E61E422A08E07C0009738C /* Preview Assets.xcassets in Resources */ = {isa = PBXBuildFile; fileRef = 52E61E412A08E07C0009738C /* Preview Assets.xcassets */; };
		52FF8FB12A09F5AB005EDFBC /* RepeatItemView.swift in Sources */ = {isa = PBXBuildFile; fileRef = 52FF8FB02A09F5AA005EDFBC /* RepeatItemView.swift */; };
		52FF8FB42A09F692005EDFBC /* WeekCycle.swift in Sources */ = {isa = PBXBuildFile; fileRef = 52FF8FB32A09F692005EDFBC /* WeekCycle.swift */; };
		52FF8FB62A0A1624005EDFBC /* PowerEventType.swift in Sources */ = {isa = PBXBuildFile; fileRef = 52FF8FB52A0A1624005EDFBC /* PowerEventType.swift */; };
/* End PBXBuildFile section */

/* Begin PBXFileReference section */
		52D14F112A0A44C300C86569 /* CommandTool.swift */ = {isa = PBXFileReference; lastKnownFileType = sourcecode.swift; path = CommandTool.swift; sourceTree = "<group>"; };
		52E61E372A08E07B0009738C /* PowerSchedule.app */ = {isa = PBXFileReference; explicitFileType = wrapper.application; includeInIndex = 0; path = PowerSchedule.app; sourceTree = BUILT_PRODUCTS_DIR; };
		52E61E3A2A08E07B0009738C /* PowerScheduleApp.swift */ = {isa = PBXFileReference; lastKnownFileType = sourcecode.swift; path = PowerScheduleApp.swift; sourceTree = "<group>"; };
		52E61E3C2A08E07B0009738C /* ContentView.swift */ = {isa = PBXFileReference; lastKnownFileType = sourcecode.swift; path = ContentView.swift; sourceTree = "<group>"; };
		52E61E3E2A08E07C0009738C /* Assets.xcassets */ = {isa = PBXFileReference; lastKnownFileType = folder.assetcatalog; path = Assets.xcassets; sourceTree = "<group>"; };
		52E61E412A08E07C0009738C /* Preview Assets.xcassets */ = {isa = PBXFileReference; lastKnownFileType = folder.assetcatalog; path = "Preview Assets.xcassets"; sourceTree = "<group>"; };
		52E61E432A08E07C0009738C /* PowerSchedule.entitlements */ = {isa = PBXFileReference; lastKnownFileType = text.plist.entitlements; path = PowerSchedule.entitlements; sourceTree = "<group>"; };
		52FF8FB02A09F5AA005EDFBC /* RepeatItemView.swift */ = {isa = PBXFileReference; lastKnownFileType = sourcecode.swift; path = RepeatItemView.swift; sourceTree = "<group>"; };
		52FF8FB32A09F692005EDFBC /* WeekCycle.swift */ = {isa = PBXFileReference; lastKnownFileType = sourcecode.swift; path = WeekCycle.swift; sourceTree = "<group>"; };
		52FF8FB52A0A1624005EDFBC /* PowerEventType.swift */ = {isa = PBXFileReference; lastKnownFileType = sourcecode.swift; path = PowerEventType.swift; sourceTree = "<group>"; };
/* End PBXFileReference section */

/* Begin PBXFrameworksBuildPhase section */
		52E61E342A08E07B0009738C /* Frameworks */ = {
			isa = PBXFrameworksBuildPhase;
			buildActionMask = 2147483647;
			files = (
			);
			runOnlyForDeploymentPostprocessing = 0;
		};
/* End PBXFrameworksBuildPhase section */

/* Begin PBXGroup section */
		52D14F102A0A44AF00C86569 /* Tool */ = {
			isa = PBXGroup;
			children = (
				52D14F112A0A44C300C86569 /* CommandTool.swift */,
			);
			path = Tool;
			sourceTree = "<group>";
		};
		52E61E2E2A08E07B0009738C = {
			isa = PBXGroup;
			children = (
				52E61E392A08E07B0009738C /* PowerSchedule */,
				52E61E382A08E07B0009738C /* Products */,
			);
			sourceTree = "<group>";
		};
		52E61E382A08E07B0009738C /* Products */ = {
			isa = PBXGroup;
			children = (
				52E61E372A08E07B0009738C /* PowerSchedule.app */,
			);
			name = Products;
			sourceTree = "<group>";
		};
		52E61E392A08E07B0009738C /* PowerSchedule */ = {
			isa = PBXGroup;
			children = (
				52FF8FAE2A09F55D005EDFBC /* Code */,
				52E61E3A2A08E07B0009738C /* PowerScheduleApp.swift */,
				52E61E3C2A08E07B0009738C /* ContentView.swift */,
				52E61E3E2A08E07C0009738C /* Assets.xcassets */,
				52E61E432A08E07C0009738C /* PowerSchedule.entitlements */,
				52E61E402A08E07C0009738C /* Preview Content */,
			);
			path = PowerSchedule;
			sourceTree = "<group>";
		};
		52E61E402A08E07C0009738C /* Preview Content */ = {
			isa = PBXGroup;
			children = (
				52E61E412A08E07C0009738C /* Preview Assets.xcassets */,
			);
			path = "Preview Content";
			sourceTree = "<group>";
		};
		52FF8FAE2A09F55D005EDFBC /* Code */ = {
			isa = PBXGroup;
			children = (
				52D14F102A0A44AF00C86569 /* Tool */,
				52FF8FB22A09F684005EDFBC /* Model */,
				52FF8FAF2A09F56E005EDFBC /* View */,
			);
			path = Code;
			sourceTree = "<group>";
		};
		52FF8FAF2A09F56E005EDFBC /* View */ = {
			isa = PBXGroup;
			children = (
				52FF8FB02A09F5AA005EDFBC /* RepeatItemView.swift */,
			);
			path = View;
			sourceTree = "<group>";
		};
		52FF8FB22A09F684005EDFBC /* Model */ = {
			isa = PBXGroup;
			children = (
				52FF8FB32A09F692005EDFBC /* WeekCycle.swift */,
				52FF8FB52A0A1624005EDFBC /* PowerEventType.swift */,
			);
			path = Model;
			sourceTree = "<group>";
		};
/* End PBXGroup section */

/* Begin PBXNativeTarget section */
		52E61E362A08E07B0009738C /* PowerSchedule */ = {
			isa = PBXNativeTarget;
			buildConfigurationList = 52E61E462A08E07C0009738C /* Build configuration list for PBXNativeTarget "PowerSchedule" */;
			buildPhases = (
				52E61E332A08E07B0009738C /* Sources */,
				52E61E342A08E07B0009738C /* Frameworks */,
				52E61E352A08E07B0009738C /* Resources */,
			);
			buildRules = (
			);
			dependencies = (
			);
			name = PowerSchedule;
			productName = PowerSchedule;
			productReference = 52E61E372A08E07B0009738C /* PowerSchedule.app */;
			productType = "com.apple.product-type.application";
		};
/* End PBXNativeTarget section */

/* Begin PBXProject section */
		52E61E2F2A08E07B0009738C /* Project object */ = {
			isa = PBXProject;
			attributes = {
				BuildIndependentTargetsInParallel = 1;
				LastSwiftUpdateCheck = 1420;
				LastUpgradeCheck = 1420;
				TargetAttributes = {
					52E61E362A08E07B0009738C = {
						CreatedOnToolsVersion = 14.2;
					};
				};
			};
			buildConfigurationList = 52E61E322A08E07B0009738C /* Build configuration list for PBXProject "PowerSchedule" */;
			compatibilityVersion = "Xcode 14.0";
			developmentRegion = en;
			hasScannedForEncodings = 0;
			knownRegions = (
				en,
				Base,
			);
			mainGroup = 52E61E2E2A08E07B0009738C;
			productRefGroup = 52E61E382A08E07B0009738C /* Products */;
			projectDirPath = "";
			projectRoot = "";
			targets = (
				52E61E362A08E07B0009738C /* PowerSchedule */,
			);
		};
/* End PBXProject section */

/* Begin PBXResourcesBuildPhase section */
		52E61E352A08E07B0009738C /* Resources */ = {
			isa = PBXResourcesBuildPhase;
			buildActionMask = 2147483647;
			files = (
				52E61E422A08E07C0009738C /* Preview Assets.xcassets in Resources */,
				52E61E3F2A08E07C0009738C /* Assets.xcassets in Resources */,
			);
			runOnlyForDeploymentPostprocessing = 0;
		};
/* End PBXResourcesBuildPhase section */

/* Begin PBXSourcesBuildPhase section */
		52E61E332A08E07B0009738C /* Sources */ = {
			isa = PBXSourcesBuildPhase;
			buildActionMask = 2147483647;
			files = (
				52E61E3D2A08E07B0009738C /* ContentView.swift in Sources */,
				52D14F122A0A44C300C86569 /* CommandTool.swift in Sources */,
				52E61E3B2A08E07B0009738C /* PowerScheduleApp.swift in Sources */,
				52FF8FB42A09F692005EDFBC /* WeekCycle.swift in Sources */,
				52FF8FB62A0A1624005EDFBC /* PowerEventType.swift in Sources */,
				52FF8FB12A09F5AB005EDFBC /* RepeatItemView.swift in Sources */,
			);
			runOnlyForDeploymentPostprocessing = 0;
		};
/* End PBXSourcesBuildPhase section */

/* Begin XCBuildConfiguration section */
		52E61E442A08E07C0009738C /* Debug */ = {
			isa = XCBuildConfiguration;
			buildSettings = {
				ALWAYS_SEARCH_USER_PATHS = NO;
				CLANG_ANALYZER_NONNULL = YES;
				CLANG_ANALYZER_NUMBER_OBJECT_CONVERSION = YES_AGGRESSIVE;
				CLANG_CXX_LANGUAGE_STANDARD = "gnu++20";
				CLANG_ENABLE_MODULES = YES;
				CLANG_ENABLE_OBJC_ARC = YES;
				CLANG_ENABLE_OBJC_WEAK = YES;
				CLANG_WARN_BLOCK_CAPTURE_AUTORELEASING = YES;
				CLANG_WARN_BOOL_CONVERSION = YES;
				CLANG_WARN_COMMA = YES;
				CLANG_WARN_CONSTANT_CONVERSION = YES;
				CLANG_WARN_DEPRECATED_OBJC_IMPLEMENTATIONS = YES;
				CLANG_WARN_DIRECT_OBJC_ISA_USAGE = YES_ERROR;
				CLANG_WARN_DOCUMENTATION_COMMENTS = YES;
				CLANG_WARN_EMPTY_BODY = YES;
				CLANG_WARN_ENUM_CONVERSION = YES;
				CLANG_WARN_INFINITE_RECURSION = YES;
				CLANG_WARN_INT_CONVERSION = YES;
				CLANG_WARN_NON_LITERAL_NULL_CONVERSION = YES;
				CLANG_WARN_OBJC_IMPLICIT_RETAIN_SELF = YES;
				CLANG_WARN_OBJC_LITERAL_CONVERSION = YES;
				CLANG_WARN_OBJC_ROOT_CLASS = YES_ERROR;
				CLANG_WARN_QUOTED_INCLUDE_IN_FRAMEWORK_HEADER = YES;
				CLANG_WARN_RANGE_LOOP_ANALYSIS = YES;
				CLANG_WARN_STRICT_PROTOTYPES = YES;
				CLANG_WARN_SUSPICIOUS_MOVE = YES;
				CLANG_WARN_UNGUARDED_AVAILABILITY = YES_AGGRESSIVE;
				CLANG_WARN_UNREACHABLE_CODE = YES;
				CLANG_WARN__DUPLICATE_METHOD_MATCH = YES;
				COPY_PHASE_STRIP = NO;
				DEBUG_INFORMATION_FORMAT = dwarf;
				ENABLE_STRICT_OBJC_MSGSEND = YES;
				ENABLE_TESTABILITY = YES;
				GCC_C_LANGUAGE_STANDARD = gnu11;
				GCC_DYNAMIC_NO_PIC = NO;
				GCC_NO_COMMON_BLOCKS = YES;
				GCC_OPTIMIZATION_LEVEL = 0;
				GCC_PREPROCESSOR_DEFINITIONS = (
					"DEBUG=1",
					"$(inherited)",
				);
				GCC_WARN_64_TO_32_BIT_CONVERSION = YES;
				GCC_WARN_ABOUT_RETURN_TYPE = YES_ERROR;
				GCC_WARN_UNDECLARED_SELECTOR = YES;
				GCC_WARN_UNINITIALIZED_AUTOS = YES_AGGRESSIVE;
				GCC_WARN_UNUSED_FUNCTION = YES;
				GCC_WARN_UNUSED_VARIABLE = YES;
				MACOSX_DEPLOYMENT_TARGET = 12.0;
				MTL_ENABLE_DEBUG_INFO = INCLUDE_SOURCE;
				MTL_FAST_MATH = YES;
				ONLY_ACTIVE_ARCH = YES;
				SDKROOT = macosx;
				SWIFT_ACTIVE_COMPILATION_CONDITIONS = DEBUG;
				SWIFT_OPTIMIZATION_LEVEL = "-Onone";
			};
			name = Debug;
		};
		52E61E452A08E07C0009738C /* Release */ = {
			isa = XCBuildConfiguration;
			buildSettings = {
				ALWAYS_SEARCH_USER_PATHS = NO;
				CLANG_ANALYZER_NONNULL = YES;
				CLANG_ANALYZER_NUMBER_OBJECT_CONVERSION = YES_AGGRESSIVE;
				CLANG_CXX_LANGUAGE_STANDARD = "gnu++20";
				CLANG_ENABLE_MODULES = YES;
				CLANG_ENABLE_OBJC_ARC = YES;
				CLANG_ENABLE_OBJC_WEAK = YES;
				CLANG_WARN_BLOCK_CAPTURE_AUTORELEASING = YES;
				CLANG_WARN_BOOL_CONVERSION = YES;
				CLANG_WARN_COMMA = YES;
				CLANG_WARN_CONSTANT_CONVERSION = YES;
				CLANG_WARN_DEPRECATED_OBJC_IMPLEMENTATIONS = YES;
				CLANG_WARN_DIRECT_OBJC_ISA_USAGE = YES_ERROR;
				CLANG_WARN_DOCUMENTATION_COMMENTS = YES;
				CLANG_WARN_EMPTY_BODY = YES;
				CLANG_WARN_ENUM_CONVERSION = YES;
				CLANG_WARN_INFINITE_RECURSION = YES;
				CLANG_WARN_INT_CONVERSION = YES;
				CLANG_WARN_NON_LITERAL_NULL_CONVERSION = YES;
				CLANG_WARN_OBJC_IMPLICIT_RETAIN_SELF = YES;
				CLANG_WARN_OBJC_LITERAL_CONVERSION = YES;
				CLANG_WARN_OBJC_ROOT_CLASS = YES_ERROR;
				CLANG_WARN_QUOTED_INCLUDE_IN_FRAMEWORK_HEADER = YES;
				CLANG_WARN_RANGE_LOOP_ANALYSIS = YES;
				CLANG_WARN_STRICT_PROTOTYPES = YES;
				CLANG_WARN_SUSPICIOUS_MOVE = YES;
				CLANG_WARN_UNGUARDED_AVAILABILITY = YES_AGGRESSIVE;
				CLANG_WARN_UNREACHABLE_CODE = YES;
				CLANG_WARN__DUPLICATE_METHOD_MATCH = YES;
				COPY_PHASE_STRIP = NO;
				DEBUG_INFORMATION_FORMAT = "dwarf-with-dsym";
				ENABLE_NS_ASSERTIONS = NO;
				ENABLE_STRICT_OBJC_MSGSEND = YES;
				GCC_C_LANGUAGE_STANDARD = gnu11;
				GCC_NO_COMMON_BLOCKS = YES;
				GCC_WARN_64_TO_32_BIT_CONVERSION = YES;
				GCC_WARN_ABOUT_RETURN_TYPE = YES_ERROR;
				GCC_WARN_UNDECLARED_SELECTOR = YES;
				GCC_WARN_UNINITIALIZED_AUTOS = YES_AGGRESSIVE;
				GCC_WARN_UNUSED_FUNCTION = YES;
				GCC_WARN_UNUSED_VARIABLE = YES;
				MACOSX_DEPLOYMENT_TARGET = 12.0;
				MTL_ENABLE_DEBUG_INFO = NO;
				MTL_FAST_MATH = YES;
				SDKROOT = macosx;
				SWIFT_COMPILATION_MODE = wholemodule;
				SWIFT_OPTIMIZATION_LEVEL = "-O";
			};
			name = Release;
		};
		52E61E472A08E07C0009738C /* Debug */ = {
			isa = XCBuildConfiguration;
			buildSettings = {
				ASSETCATALOG_COMPILER_APPICON_NAME = AppIcon;
				ASSETCATALOG_COMPILER_GLOBAL_ACCENT_COLOR_NAME = AccentColor;
				CODE_SIGN_ENTITLEMENTS = PowerSchedule/PowerSchedule.entitlements;
				CODE_SIGN_STYLE = Automatic;
				COMBINE_HIDPI_IMAGES = YES;
				CURRENT_PROJECT_VERSION = 1;
				DEVELOPMENT_ASSET_PATHS = "\"PowerSchedule/Preview Content\"";
				DEVELOPMENT_TEAM = BJ3SQ7MY69;
				ENABLE_HARDENED_RUNTIME = YES;
				ENABLE_PREVIEWS = YES;
				GENERATE_INFOPLIST_FILE = YES;
				INFOPLIST_KEY_CFBundleDisplayName = "Power Schedule";
				INFOPLIST_KEY_NSHumanReadableCopyright = "";
				LD_RUNPATH_SEARCH_PATHS = (
					"$(inherited)",
					"@executable_path/../Frameworks",
				);
				MARKETING_VERSION = 1.0;
				PRODUCT_BUNDLE_IDENTIFIER = com.wskfz.PowerSchedule;
				PRODUCT_NAME = "$(TARGET_NAME)";
				SWIFT_EMIT_LOC_STRINGS = YES;
				SWIFT_VERSION = 5.0;
			};
			name = Debug;
		};
		52E61E482A08E07C0009738C /* Release */ = {
			isa = XCBuildConfiguration;
			buildSettings = {
				ASSETCATALOG_COMPILER_APPICON_NAME = AppIcon;
				ASSETCATALOG_COMPILER_GLOBAL_ACCENT_COLOR_NAME = AccentColor;
				CODE_SIGN_ENTITLEMENTS = PowerSchedule/PowerSchedule.entitlements;
				CODE_SIGN_STYLE = Automatic;
				COMBINE_HIDPI_IMAGES = YES;
				CURRENT_PROJECT_VERSION = 1;
				DEVELOPMENT_ASSET_PATHS = "\"PowerSchedule/Preview Content\"";
				DEVELOPMENT_TEAM = BJ3SQ7MY69;
				ENABLE_HARDENED_RUNTIME = YES;
				ENABLE_PREVIEWS = YES;
				GENERATE_INFOPLIST_FILE = YES;
				INFOPLIST_KEY_CFBundleDisplayName = "Power Schedule";
				INFOPLIST_KEY_NSHumanReadableCopyright = "";
				LD_RUNPATH_SEARCH_PATHS = (
					"$(inherited)",
					"@executable_path/../Frameworks",
				);
				MARKETING_VERSION = 1.0;
				PRODUCT_BUNDLE_IDENTIFIER = com.wskfz.PowerSchedule;
				PRODUCT_NAME = "$(TARGET_NAME)";
				SWIFT_EMIT_LOC_STRINGS = YES;
				SWIFT_VERSION = 5.0;
			};
			name = Release;
		};
/* End XCBuildConfiguration section */

/* Begin XCConfigurationList section */
		52E61E322A08E07B0009738C /* Build configuration list for PBXProject "PowerSchedule" */ = {
			isa = XCConfigurationList;
			buildConfigurations = (
				52E61E442A08E07C0009738C /* Debug */,
				52E61E452A08E07C0009738C /* Release */,
			);
			defaultConfigurationIsVisible = 0;
			defaultConfigurationName = Release;
		};
		52E61E462A08E07C0009738C /* Build configuration list for PBXNativeTarget "PowerSchedule" */ = {
			isa = XCConfigurationList;
			buildConfigurations = (
				52E61E472A08E07C0009738C /* Debug */,
				52E61E482A08E07C0009738C /* Release */,
			);
			defaultConfigurationIsVisible = 0;
			defaultConfigurationName = Release;
		};
/* End XCConfigurationList section */
	};
	rootObject = 52E61E2F2A08E07B0009738C /* Project object */;
}
